
Microsoft Visual Studio Solution File, Format Version 12.00
# Visual Studio Version 17
VisualStudioVersion = 17.2.32519.379
MinimumVisualStudioVersion = 10.0.40219.1
Project("{9A19103F-16F7-4668-BE54-9A1E7A4F7556}") = "DotNotStandard.UnitTesting.Csla", "Csla\DotNotStandard.UnitTesting.Csla.csproj", "{FDFFBA4E-9AEC-4582-A5B5-187AFBA4C4CE}"
EndProject
Global
	GlobalSection(SolutionConfigurationPlatforms) = preSolution
		Debug|Any CPU = Debug|Any CPU
		Release|Any CPU = Release|Any CPU
	EndGlobalSection
	GlobalSection(ProjectConfigurationPlatforms) = postSolution
		{FDFFBA4E-9AEC-4582-A5B5-187AFBA4C4CE}.Debug|Any CPU.ActiveCfg = Debug|Any CPU
		{FDFFBA4E-9AEC-4582-A5B5-187AFBA4C4CE}.Debug|Any CPU.Build.0 = Debug|Any CPU
		{FDFFBA4E-9AEC-4582-A5B5-187AFBA4C4CE}.Release|Any CPU.ActiveCfg = Release|Any CPU
		{FDFFBA4E-9AEC-4582-A5B5-187AFBA4C4CE}.Release|Any CPU.Build.0 = Release|Any CPU
	EndGlobalSection
	GlobalSection(SolutionProperties) = preSolution
		HideSolutionNode = FALSE
	EndGlobalSection
	GlobalSection(ExtensibilityGlobals) = postSolution
		SolutionGuid = {7CFF0340-3B61-4F09-8F02-2868E0544C06}
	EndGlobalSection
EndGlobal
